
Microsoft Visual Studio Solution File, Format Version 12.00
# Visual Studio Version 16
VisualStudioVersion = 16.0.29215.179
MinimumVisualStudioVersion = 10.0.40219.1
Project("{FAE04EC0-301F-11D3-BF4B-00C04F79EFBC}") = "LinguagemAutomato", "LinguagemAutomato\LinguagemAutomato.csproj", "{F656B46B-ED2B-437E-A63F-475C476BA286}"
EndProject
Global
	GlobalSection(SolutionConfigurationPlatforms) = preSolution
		Debug|Any CPU = Debug|Any CPU
		Release|Any CPU = Release|Any CPU
	EndGlobalSection
	GlobalSection(ProjectConfigurationPlatforms) = postSolution
		{F656B46B-ED2B-437E-A63F-475C476BA286}.Debug|Any CPU.ActiveCfg = Debug|Any CPU
		{F656B46B-ED2B-437E-A63F-475C476BA286}.Debug|Any CPU.Build.0 = Debug|Any CPU
		{F656B46B-ED2B-437E-A63F-475C476BA286}.Release|Any CPU.ActiveCfg = Release|Any CPU
		{F656B46B-ED2B-437E-A63F-475C476BA286}.Release|Any CPU.Build.0 = Release|Any CPU
	EndGlobalSection
	GlobalSection(SolutionProperties) = preSolution
		HideSolutionNode = FALSE
	EndGlobalSection
	GlobalSection(ExtensibilityGlobals) = postSolution
		SolutionGuid = {458FAE9D-90F1-44A5-A56F-8767D289A496}
	EndGlobalSection
EndGlobal
